// !$*UTF8*$!
{
	archiveVersion = 1;
	classes = {
	};
	objectVersion = 50;
	objects = {

/* Begin PBXBuildFile section */
		7F3AEB6C24BFE59B005038A9 /* AppDelegate.swift in Sources */ = {isa = PBXBuildFile; fileRef = 7F3AEB6B24BFE59B005038A9 /* AppDelegate.swift */; };
		7F3AEB6E24BFE59B005038A9 /* SceneDelegate.swift in Sources */ = {isa = PBXBuildFile; fileRef = 7F3AEB6D24BFE59B005038A9 /* SceneDelegate.swift */; };
		7F3AEB7124BFE59B005038A9 /* GnomeTown.xcdatamodeld in Sources */ = {isa = PBXBuildFile; fileRef = 7F3AEB6F24BFE59B005038A9 /* GnomeTown.xcdatamodeld */; };
		7F3AEB7324BFE59B005038A9 /* ContentView.swift in Sources */ = {isa = PBXBuildFile; fileRef = 7F3AEB7224BFE59B005038A9 /* ContentView.swift */; };
		7F3AEB7524BFE59E005038A9 /* Assets.xcassets in Resources */ = {isa = PBXBuildFile; fileRef = 7F3AEB7424BFE59E005038A9 /* Assets.xcassets */; };
		7F3AEB7824BFE59E005038A9 /* Preview Assets.xcassets in Resources */ = {isa = PBXBuildFile; fileRef = 7F3AEB7724BFE59E005038A9 /* Preview Assets.xcassets */; };
		7F3AEB7B24BFE59E005038A9 /* LaunchScreen.storyboard in Resources */ = {isa = PBXBuildFile; fileRef = 7F3AEB7924BFE59E005038A9 /* LaunchScreen.storyboard */; };
		7F3AEB8624BFE59F005038A9 /* GnomeTownTests.swift in Sources */ = {isa = PBXBuildFile; fileRef = 7F3AEB8524BFE59F005038A9 /* GnomeTownTests.swift */; };
		7F3AEB9124BFE59F005038A9 /* GnomeTownUITests.swift in Sources */ = {isa = PBXBuildFile; fileRef = 7F3AEB9024BFE59F005038A9 /* GnomeTownUITests.swift */; };
/* End PBXBuildFile section */

/* Begin PBXContainerItemProxy section */
		7F3AEB8224BFE59F005038A9 /* PBXContainerItemProxy */ = {
			isa = PBXContainerItemProxy;
			containerPortal = 7F3AEB6024BFE59B005038A9 /* Project object */;
			proxyType = 1;
			remoteGlobalIDString = 7F3AEB6724BFE59B005038A9;
			remoteInfo = GnomeTown;
		};
		7F3AEB8D24BFE59F005038A9 /* PBXContainerItemProxy */ = {
			isa = PBXContainerItemProxy;
			containerPortal = 7F3AEB6024BFE59B005038A9 /* Project object */;
			proxyType = 1;
			remoteGlobalIDString = 7F3AEB6724BFE59B005038A9;
			remoteInfo = GnomeTown;
		};
/* End PBXContainerItemProxy section */

/* Begin PBXFileReference section */
		7F3AEB6824BFE59B005038A9 /* GnomeTown.app */ = {isa = PBXFileReference; explicitFileType = wrapper.application; includeInIndex = 0; path = GnomeTown.app; sourceTree = BUILT_PRODUCTS_DIR; };
		7F3AEB6B24BFE59B005038A9 /* AppDelegate.swift */ = {isa = PBXFileReference; lastKnownFileType = sourcecode.swift; path = AppDelegate.swift; sourceTree = "<group>"; };
		7F3AEB6D24BFE59B005038A9 /* SceneDelegate.swift */ = {isa = PBXFileReference; lastKnownFileType = sourcecode.swift; path = SceneDelegate.swift; sourceTree = "<group>"; };
		7F3AEB7024BFE59B005038A9 /* GnomeTown.xcdatamodel */ = {isa = PBXFileReference; lastKnownFileType = wrapper.xcdatamodel; path = GnomeTown.xcdatamodel; sourceTree = "<group>"; };
		7F3AEB7224BFE59B005038A9 /* ContentView.swift */ = {isa = PBXFileReference; lastKnownFileType = sourcecode.swift; path = ContentView.swift; sourceTree = "<group>"; };
		7F3AEB7424BFE59E005038A9 /* Assets.xcassets */ = {isa = PBXFileReference; lastKnownFileType = folder.assetcatalog; path = Assets.xcassets; sourceTree = "<group>"; };
		7F3AEB7724BFE59E005038A9 /* Preview Assets.xcassets */ = {isa = PBXFileReference; lastKnownFileType = folder.assetcatalog; path = "Preview Assets.xcassets"; sourceTree = "<group>"; };
		7F3AEB7A24BFE59E005038A9 /* Base */ = {isa = PBXFileReference; lastKnownFileType = file.storyboard; name = Base; path = Base.lproj/LaunchScreen.storyboard; sourceTree = "<group>"; };
		7F3AEB7C24BFE59E005038A9 /* Info.plist */ = {isa = PBXFileReference; lastKnownFileType = text.plist.xml; path = Info.plist; sourceTree = "<group>"; };
		7F3AEB8124BFE59F005038A9 /* GnomeTownTests.xctest */ = {isa = PBXFileReference; explicitFileType = wrapper.cfbundle; includeInIndex = 0; path = GnomeTownTests.xctest; sourceTree = BUILT_PRODUCTS_DIR; };
		7F3AEB8524BFE59F005038A9 /* GnomeTownTests.swift */ = {isa = PBXFileReference; lastKnownFileType = sourcecode.swift; path = GnomeTownTests.swift; sourceTree = "<group>"; };
		7F3AEB8724BFE59F005038A9 /* Info.plist */ = {isa = PBXFileReference; lastKnownFileType = text.plist.xml; path = Info.plist; sourceTree = "<group>"; };
		7F3AEB8C24BFE59F005038A9 /* GnomeTownUITests.xctest */ = {isa = PBXFileReference; explicitFileType = wrapper.cfbundle; includeInIndex = 0; path = GnomeTownUITests.xctest; sourceTree = BUILT_PRODUCTS_DIR; };
		7F3AEB9024BFE59F005038A9 /* GnomeTownUITests.swift */ = {isa = PBXFileReference; lastKnownFileType = sourcecode.swift; path = GnomeTownUITests.swift; sourceTree = "<group>"; };
		7F3AEB9224BFE59F005038A9 /* Info.plist */ = {isa = PBXFileReference; lastKnownFileType = text.plist.xml; path = Info.plist; sourceTree = "<group>"; };
/* End PBXFileReference section */

/* Begin PBXFrameworksBuildPhase section */
		7F3AEB6524BFE59B005038A9 /* Frameworks */ = {
			isa = PBXFrameworksBuildPhase;
			buildActionMask = 2147483647;
			files = (
			);
			runOnlyForDeploymentPostprocessing = 0;
		};
		7F3AEB7E24BFE59F005038A9 /* Frameworks */ = {
			isa = PBXFrameworksBuildPhase;
			buildActionMask = 2147483647;
			files = (
			);
			runOnlyForDeploymentPostprocessing = 0;
		};
		7F3AEB8924BFE59F005038A9 /* Frameworks */ = {
			isa = PBXFrameworksBuildPhase;
			buildActionMask = 2147483647;
			files = (
			);
			runOnlyForDeploymentPostprocessing = 0;
		};
/* End PBXFrameworksBuildPhase section */

/* Begin PBXGroup section */
		7F3AEB5F24BFE59B005038A9 = {
			isa = PBXGroup;
			children = (
				7F3AEB6A24BFE59B005038A9 /* GnomeTown */,
				7F3AEB8424BFE59F005038A9 /* GnomeTownTests */,
				7F3AEB8F24BFE59F005038A9 /* GnomeTownUITests */,
				7F3AEB6924BFE59B005038A9 /* Products */,
			);
			sourceTree = "<group>";
		};
		7F3AEB6924BFE59B005038A9 /* Products */ = {
			isa = PBXGroup;
			children = (
				7F3AEB6824BFE59B005038A9 /* GnomeTown.app */,
				7F3AEB8124BFE59F005038A9 /* GnomeTownTests.xctest */,
				7F3AEB8C24BFE59F005038A9 /* GnomeTownUITests.xctest */,
			);
			name = Products;
			sourceTree = "<group>";
		};
		7F3AEB6A24BFE59B005038A9 /* GnomeTown */ = {
			isa = PBXGroup;
			children = (
				7F3AEB6B24BFE59B005038A9 /* AppDelegate.swift */,
				7F3AEB6D24BFE59B005038A9 /* SceneDelegate.swift */,
				7F3AEB7224BFE59B005038A9 /* ContentView.swift */,
				7F3AEB7424BFE59E005038A9 /* Assets.xcassets */,
				7F3AEB7924BFE59E005038A9 /* LaunchScreen.storyboard */,
				7F3AEB7C24BFE59E005038A9 /* Info.plist */,
				7F3AEB6F24BFE59B005038A9 /* GnomeTown.xcdatamodeld */,
				7F3AEB7624BFE59E005038A9 /* Preview Content */,
			);
			path = GnomeTown;
			sourceTree = "<group>";
		};
		7F3AEB7624BFE59E005038A9 /* Preview Content */ = {
			isa = PBXGroup;
			children = (
				7F3AEB7724BFE59E005038A9 /* Preview Assets.xcassets */,
			);
			path = "Preview Content";
			sourceTree = "<group>";
		};
		7F3AEB8424BFE59F005038A9 /* GnomeTownTests */ = {
			isa = PBXGroup;
			children = (
				7F3AEB8524BFE59F005038A9 /* GnomeTownTests.swift */,
				7F3AEB8724BFE59F005038A9 /* Info.plist */,
			);
			path = GnomeTownTests;
			sourceTree = "<group>";
		};
		7F3AEB8F24BFE59F005038A9 /* GnomeTownUITests */ = {
			isa = PBXGroup;
			children = (
				7F3AEB9024BFE59F005038A9 /* GnomeTownUITests.swift */,
				7F3AEB9224BFE59F005038A9 /* Info.plist */,
			);
			path = GnomeTownUITests;
			sourceTree = "<group>";
		};
/* End PBXGroup section */

/* Begin PBXNativeTarget section */
		7F3AEB6724BFE59B005038A9 /* GnomeTown */ = {
			isa = PBXNativeTarget;
			buildConfigurationList = 7F3AEB9524BFE59F005038A9 /* Build configuration list for PBXNativeTarget "GnomeTown" */;
			buildPhases = (
				7F3AEB6424BFE59B005038A9 /* Sources */,
				7F3AEB6524BFE59B005038A9 /* Frameworks */,
				7F3AEB6624BFE59B005038A9 /* Resources */,
			);
			buildRules = (
			);
			dependencies = (
			);
			name = GnomeTown;
			productName = GnomeTown;
			productReference = 7F3AEB6824BFE59B005038A9 /* GnomeTown.app */;
			productType = "com.apple.product-type.application";
		};
		7F3AEB8024BFE59F005038A9 /* GnomeTownTests */ = {
			isa = PBXNativeTarget;
			buildConfigurationList = 7F3AEB9824BFE59F005038A9 /* Build configuration list for PBXNativeTarget "GnomeTownTests" */;
			buildPhases = (
				7F3AEB7D24BFE59F005038A9 /* Sources */,
				7F3AEB7E24BFE59F005038A9 /* Frameworks */,
				7F3AEB7F24BFE59F005038A9 /* Resources */,
			);
			buildRules = (
			);
			dependencies = (
				7F3AEB8324BFE59F005038A9 /* PBXTargetDependency */,
			);
			name = GnomeTownTests;
			productName = GnomeTownTests;
			productReference = 7F3AEB8124BFE59F005038A9 /* GnomeTownTests.xctest */;
			productType = "com.apple.product-type.bundle.unit-test";
		};
		7F3AEB8B24BFE59F005038A9 /* GnomeTownUITests */ = {
			isa = PBXNativeTarget;
			buildConfigurationList = 7F3AEB9B24BFE59F005038A9 /* Build configuration list for PBXNativeTarget "GnomeTownUITests" */;
			buildPhases = (
				7F3AEB8824BFE59F005038A9 /* Sources */,
				7F3AEB8924BFE59F005038A9 /* Frameworks */,
				7F3AEB8A24BFE59F005038A9 /* Resources */,
			);
			buildRules = (
			);
			dependencies = (
				7F3AEB8E24BFE59F005038A9 /* PBXTargetDependency */,
			);
			name = GnomeTownUITests;
			productName = GnomeTownUITests;
			productReference = 7F3AEB8C24BFE59F005038A9 /* GnomeTownUITests.xctest */;
			productType = "com.apple.product-type.bundle.ui-testing";
		};
/* End PBXNativeTarget section */

/* Begin PBXProject section */
		7F3AEB6024BFE59B005038A9 /* Project object */ = {
			isa = PBXProject;
			attributes = {
				LastSwiftUpdateCheck = 1150;
				LastUpgradeCheck = 1150;
				ORGANIZATIONNAME = "Syed Developers";
				TargetAttributes = {
					7F3AEB6724BFE59B005038A9 = {
						CreatedOnToolsVersion = 11.5;
					};
					7F3AEB8024BFE59F005038A9 = {
						CreatedOnToolsVersion = 11.5;
						TestTargetID = 7F3AEB6724BFE59B005038A9;
					};
					7F3AEB8B24BFE59F005038A9 = {
						CreatedOnToolsVersion = 11.5;
						TestTargetID = 7F3AEB6724BFE59B005038A9;
					};
				};
			};
			buildConfigurationList = 7F3AEB6324BFE59B005038A9 /* Build configuration list for PBXProject "GnomeTown" */;
			compatibilityVersion = "Xcode 9.3";
			developmentRegion = en;
			hasScannedForEncodings = 0;
			knownRegions = (
				en,
				Base,
			);
			mainGroup = 7F3AEB5F24BFE59B005038A9;
			productRefGroup = 7F3AEB6924BFE59B005038A9 /* Products */;
			projectDirPath = "";
			projectRoot = "";
			targets = (
				7F3AEB6724BFE59B005038A9 /* GnomeTown */,
				7F3AEB8024BFE59F005038A9 /* GnomeTownTests */,
				7F3AEB8B24BFE59F005038A9 /* GnomeTownUITests */,
			);
		};
/* End PBXProject section */

/* Begin PBXResourcesBuildPhase section */
		7F3AEB6624BFE59B005038A9 /* Resources */ = {
			isa = PBXResourcesBuildPhase;
			buildActionMask = 2147483647;
			files = (
				7F3AEB7B24BFE59E005038A9 /* LaunchScreen.storyboard in Resources */,
				7F3AEB7824BFE59E005038A9 /* Preview Assets.xcassets in Resources */,
				7F3AEB7524BFE59E005038A9 /* Assets.xcassets in Resources */,
			);
			runOnlyForDeploymentPostprocessing = 0;
		};
		7F3AEB7F24BFE59F005038A9 /* Resources */ = {
			isa = PBXResourcesBuildPhase;
			buildActionMask = 2147483647;
			files = (
			);
			runOnlyForDeploymentPostprocessing = 0;
		};
		7F3AEB8A24BFE59F005038A9 /* Resources */ = {
			isa = PBXResourcesBuildPhase;
			buildActionMask = 2147483647;
			files = (
			);
			runOnlyForDeploymentPostprocessing = 0;
		};
/* End PBXResourcesBuildPhase section */

/* Begin PBXSourcesBuildPhase section */
		7F3AEB6424BFE59B005038A9 /* Sources */ = {
			isa = PBXSourcesBuildPhase;
			buildActionMask = 2147483647;
			files = (
				7F3AEB6C24BFE59B005038A9 /* AppDelegate.swift in Sources */,
				7F3AEB7124BFE59B005038A9 /* GnomeTown.xcdatamodeld in Sources */,
				7F3AEB7324BFE59B005038A9 /* ContentView.swift in Sources */,
				7F3AEB6E24BFE59B005038A9 /* SceneDelegate.swift in Sources */,
			);
			runOnlyForDeploymentPostprocessing = 0;
		};
		7F3AEB7D24BFE59F005038A9 /* Sources */ = {
			isa = PBXSourcesBuildPhase;
			buildActionMask = 2147483647;
			files = (
				7F3AEB8624BFE59F005038A9 /* GnomeTownTests.swift in Sources */,
			);
			runOnlyForDeploymentPostprocessing = 0;
		};
		7F3AEB8824BFE59F005038A9 /* Sources */ = {
			isa = PBXSourcesBuildPhase;
			buildActionMask = 2147483647;
			files = (
				7F3AEB9124BFE59F005038A9 /* GnomeTownUITests.swift in Sources */,
			);
			runOnlyForDeploymentPostprocessing = 0;
		};
/* End PBXSourcesBuildPhase section */

/* Begin PBXTargetDependency section */
		7F3AEB8324BFE59F005038A9 /* PBXTargetDependency */ = {
			isa = PBXTargetDependency;
			target = 7F3AEB6724BFE59B005038A9 /* GnomeTown */;
			targetProxy = 7F3AEB8224BFE59F005038A9 /* PBXContainerItemProxy */;
		};
		7F3AEB8E24BFE59F005038A9 /* PBXTargetDependency */ = {
			isa = PBXTargetDependency;
			target = 7F3AEB6724BFE59B005038A9 /* GnomeTown */;
			targetProxy = 7F3AEB8D24BFE59F005038A9 /* PBXContainerItemProxy */;
		};
/* End PBXTargetDependency section */

/* Begin PBXVariantGroup section */
		7F3AEB7924BFE59E005038A9 /* LaunchScreen.storyboard */ = {
			isa = PBXVariantGroup;
			children = (
				7F3AEB7A24BFE59E005038A9 /* Base */,
			);
			name = LaunchScreen.storyboard;
			sourceTree = "<group>";
		};
/* End PBXVariantGroup section */

/* Begin XCBuildConfiguration section */
		7F3AEB9324BFE59F005038A9 /* Debug */ = {
			isa = XCBuildConfiguration;
			buildSettings = {
				ALWAYS_SEARCH_USER_PATHS = NO;
				CLANG_ANALYZER_NONNULL = YES;
				CLANG_ANALYZER_NUMBER_OBJECT_CONVERSION = YES_AGGRESSIVE;
				CLANG_CXX_LANGUAGE_STANDARD = "gnu++14";
				CLANG_CXX_LIBRARY = "libc++";
				CLANG_ENABLE_MODULES = YES;
				CLANG_ENABLE_OBJC_ARC = YES;
				CLANG_ENABLE_OBJC_WEAK = YES;
				CLANG_WARN_BLOCK_CAPTURE_AUTORELEASING = YES;
				CLANG_WARN_BOOL_CONVERSION = YES;
				CLANG_WARN_COMMA = YES;
				CLANG_WARN_CONSTANT_CONVERSION = YES;
				CLANG_WARN_DEPRECATED_OBJC_IMPLEMENTATIONS = YES;
				CLANG_WARN_DIRECT_OBJC_ISA_USAGE = YES_ERROR;
				CLANG_WARN_DOCUMENTATION_COMMENTS = YES;
				CLANG_WARN_EMPTY_BODY = YES;
				CLANG_WARN_ENUM_CONVERSION = YES;
				CLANG_WARN_INFINITE_RECURSION = YES;
				CLANG_WARN_INT_CONVERSION = YES;
				CLANG_WARN_NON_LITERAL_NULL_CONVERSION = YES;
				CLANG_WARN_OBJC_IMPLICIT_RETAIN_SELF = YES;
				CLANG_WARN_OBJC_LITERAL_CONVERSION = YES;
				CLANG_WARN_OBJC_ROOT_CLASS = YES_ERROR;
				CLANG_WARN_RANGE_LOOP_ANALYSIS = YES;
				CLANG_WARN_STRICT_PROTOTYPES = YES;
				CLANG_WARN_SUSPICIOUS_MOVE = YES;
				CLANG_WARN_UNGUARDED_AVAILABILITY = YES_AGGRESSIVE;
				CLANG_WARN_UNREACHABLE_CODE = YES;
				CLANG_WARN__DUPLICATE_METHOD_MATCH = YES;
				COPY_PHASE_STRIP = NO;
				DEBUG_INFORMATION_FORMAT = dwarf;
				ENABLE_STRICT_OBJC_MSGSEND = YES;
				ENABLE_TESTABILITY = YES;
				GCC_C_LANGUAGE_STANDARD = gnu11;
				GCC_DYNAMIC_NO_PIC = NO;
				GCC_NO_COMMON_BLOCKS = YES;
				GCC_OPTIMIZATION_LEVEL = 0;
				GCC_PREPROCESSOR_DEFINITIONS = (
					"DEBUG=1",
					"$(inherited)",
				);
				GCC_WARN_64_TO_32_BIT_CONVERSION = YES;
				GCC_WARN_ABOUT_RETURN_TYPE = YES_ERROR;
				GCC_WARN_UNDECLARED_SELECTOR = YES;
				GCC_WARN_UNINITIALIZED_AUTOS = YES_AGGRESSIVE;
				GCC_WARN_UNUSED_FUNCTION = YES;
				GCC_WARN_UNUSED_VARIABLE = YES;
				IPHONEOS_DEPLOYMENT_TARGET = 13.5;
				MTL_ENABLE_DEBUG_INFO = INCLUDE_SOURCE;
				MTL_FAST_MATH = YES;
				ONLY_ACTIVE_ARCH = YES;
				SDKROOT = iphoneos;
				SWIFT_ACTIVE_COMPILATION_CONDITIONS = DEBUG;
				SWIFT_OPTIMIZATION_LEVEL = "-Onone";
			};
			name = Debug;
		};
		7F3AEB9424BFE59F005038A9 /* Release */ = {
			isa = XCBuildConfiguration;
			buildSettings = {
				ALWAYS_SEARCH_USER_PATHS = NO;
				CLANG_ANALYZER_NONNULL = YES;
				CLANG_ANALYZER_NUMBER_OBJECT_CONVERSION = YES_AGGRESSIVE;
				CLANG_CXX_LANGUAGE_STANDARD = "gnu++14";
				CLANG_CXX_LIBRARY = "libc++";
				CLANG_ENABLE_MODULES = YES;
				CLANG_ENABLE_OBJC_ARC = YES;
				CLANG_ENABLE_OBJC_WEAK = YES;
				CLANG_WARN_BLOCK_CAPTURE_AUTORELEASING = YES;
				CLANG_WARN_BOOL_CONVERSION = YES;
				CLANG_WARN_COMMA = YES;
				CLANG_WARN_CONSTANT_CONVERSION = YES;
				CLANG_WARN_DEPRECATED_OBJC_IMPLEMENTATIONS = YES;
				CLANG_WARN_DIRECT_OBJC_ISA_USAGE = YES_ERROR;
				CLANG_WARN_DOCUMENTATION_COMMENTS = YES;
				CLANG_WARN_EMPTY_BODY = YES;
				CLANG_WARN_ENUM_CONVERSION = YES;
				CLANG_WARN_INFINITE_RECURSION = YES;
				CLANG_WARN_INT_CONVERSION = YES;
				CLANG_WARN_NON_LITERAL_NULL_CONVERSION = YES;
				CLANG_WARN_OBJC_IMPLICIT_RETAIN_SELF = YES;
				CLANG_WARN_OBJC_LITERAL_CONVERSION = YES;
				CLANG_WARN_OBJC_ROOT_CLASS = YES_ERROR;
				CLANG_WARN_RANGE_LOOP_ANALYSIS = YES;
				CLANG_WARN_STRICT_PROTOTYPES = YES;
				CLANG_WARN_SUSPICIOUS_MOVE = YES;
				CLANG_WARN_UNGUARDED_AVAILABILITY = YES_AGGRESSIVE;
				CLANG_WARN_UNREACHABLE_CODE = YES;
				CLANG_WARN__DUPLICATE_METHOD_MATCH = YES;
				COPY_PHASE_STRIP = NO;
				DEBUG_INFORMATION_FORMAT = "dwarf-with-dsym";
				ENABLE_NS_ASSERTIONS = NO;
				ENABLE_STRICT_OBJC_MSGSEND = YES;
				GCC_C_LANGUAGE_STANDARD = gnu11;
				GCC_NO_COMMON_BLOCKS = YES;
				GCC_WARN_64_TO_32_BIT_CONVERSION = YES;
				GCC_WARN_ABOUT_RETURN_TYPE = YES_ERROR;
				GCC_WARN_UNDECLARED_SELECTOR = YES;
				GCC_WARN_UNINITIALIZED_AUTOS = YES_AGGRESSIVE;
				GCC_WARN_UNUSED_FUNCTION = YES;
				GCC_WARN_UNUSED_VARIABLE = YES;
				IPHONEOS_DEPLOYMENT_TARGET = 13.5;
				MTL_ENABLE_DEBUG_INFO = NO;
				MTL_FAST_MATH = YES;
				SDKROOT = iphoneos;
				SWIFT_COMPILATION_MODE = wholemodule;
				SWIFT_OPTIMIZATION_LEVEL = "-O";
				VALIDATE_PRODUCT = YES;
			};
			name = Release;
		};
		7F3AEB9624BFE59F005038A9 /* Debug */ = {
			isa = XCBuildConfiguration;
			buildSettings = {
				ASSETCATALOG_COMPILER_APPICON_NAME = AppIcon;
				CODE_SIGN_STYLE = Automatic;
				DEVELOPMENT_ASSET_PATHS = "\"GnomeTown/Preview Content\"";
				DEVELOPMENT_TEAM = 6WCGH4JR2H;
				ENABLE_PREVIEWS = YES;
				INFOPLIST_FILE = GnomeTown/Info.plist;
				LD_RUNPATH_SEARCH_PATHS = (
					"$(inherited)",
					"@executable_path/Frameworks",
				);
				PRODUCT_BUNDLE_IDENTIFIER = com.waseemtabrez.GnomeTown;
				PRODUCT_NAME = "$(TARGET_NAME)";
				SWIFT_VERSION = 5.0;
				TARGETED_DEVICE_FAMILY = "1,2";
			};
			name = Debug;
		};
		7F3AEB9724BFE59F005038A9 /* Release */ = {
			isa = XCBuildConfiguration;
			buildSettings = {
				ASSETCATALOG_COMPILER_APPICON_NAME = AppIcon;
				CODE_SIGN_STYLE = Automatic;
				DEVELOPMENT_ASSET_PATHS = "\"GnomeTown/Preview Content\"";
				DEVELOPMENT_TEAM = 6WCGH4JR2H;
				ENABLE_PREVIEWS = YES;
				INFOPLIST_FILE = GnomeTown/Info.plist;
				LD_RUNPATH_SEARCH_PATHS = (
					"$(inherited)",
					"@executable_path/Frameworks",
				);
				PRODUCT_BUNDLE_IDENTIFIER = com.waseemtabrez.GnomeTown;
				PRODUCT_NAME = "$(TARGET_NAME)";
				SWIFT_VERSION = 5.0;
				TARGETED_DEVICE_FAMILY = "1,2";
			};
			name = Release;
		};
		7F3AEB9924BFE59F005038A9 /* Debug */ = {
			isa = XCBuildConfiguration;
			buildSettings = {
				ALWAYS_EMBED_SWIFT_STANDARD_LIBRARIES = YES;
				BUNDLE_LOADER = "$(TEST_HOST)";
				CODE_SIGN_STYLE = Automatic;
				DEVELOPMENT_TEAM = 6WCGH4JR2H;
				INFOPLIST_FILE = GnomeTownTests/Info.plist;
				IPHONEOS_DEPLOYMENT_TARGET = 13.5;
				LD_RUNPATH_SEARCH_PATHS = (
					"$(inherited)",
					"@executable_path/Frameworks",
					"@loader_path/Frameworks",
				);
				PRODUCT_BUNDLE_IDENTIFIER = com.waseemtabrez.GnomeTownTests;
				PRODUCT_NAME = "$(TARGET_NAME)";
				SWIFT_VERSION = 5.0;
				TARGETED_DEVICE_FAMILY = "1,2";
				TEST_HOST = "$(BUILT_PRODUCTS_DIR)/GnomeTown.app/GnomeTown";
			};
			name = Debug;
		};
		7F3AEB9A24BFE59F005038A9 /* Release */ = {
			isa = XCBuildConfiguration;
			buildSettings = {
				ALWAYS_EMBED_SWIFT_STANDARD_LIBRARIES = YES;
				BUNDLE_LOADER = "$(TEST_HOST)";
				CODE_SIGN_STYLE = Automatic;
				DEVELOPMENT_TEAM = 6WCGH4JR2H;
				INFOPLIST_FILE = GnomeTownTests/Info.plist;
				IPHONEOS_DEPLOYMENT_TARGET = 13.5;
				LD_RUNPATH_SEARCH_PATHS = (
					"$(inherited)",
					"@executable_path/Frameworks",
					"@loader_path/Frameworks",
				);
				PRODUCT_BUNDLE_IDENTIFIER = com.waseemtabrez.GnomeTownTests;
				PRODUCT_NAME = "$(TARGET_NAME)";
				SWIFT_VERSION = 5.0;
				TARGETED_DEVICE_FAMILY = "1,2";
				TEST_HOST = "$(BUILT_PRODUCTS_DIR)/GnomeTown.app/GnomeTown";
			};
			name = Release;
		};
		7F3AEB9C24BFE59F005038A9 /* Debug */ = {
			isa = XCBuildConfiguration;
			buildSettings = {
				ALWAYS_EMBED_SWIFT_STANDARD_LIBRARIES = YES;
				CODE_SIGN_STYLE = Automatic;
				DEVELOPMENT_TEAM = 6WCGH4JR2H;
				INFOPLIST_FILE = GnomeTownUITests/Info.plist;
				LD_RUNPATH_SEARCH_PATHS = (
					"$(inherited)",
					"@executable_path/Frameworks",
					"@loader_path/Frameworks",
				);
				PRODUCT_BUNDLE_IDENTIFIER = com.waseemtabrez.GnomeTownUITests;
				PRODUCT_NAME = "$(TARGET_NAME)";
				SWIFT_VERSION = 5.0;
				TARGETED_DEVICE_FAMILY = "1,2";
				TEST_TARGET_NAME = GnomeTown;
			};
			name = Debug;
		};
		7F3AEB9D24BFE59F005038A9 /* Release */ = {
			isa = XCBuildConfiguration;
			buildSettings = {
				ALWAYS_EMBED_SWIFT_STANDARD_LIBRARIES = YES;
				CODE_SIGN_STYLE = Automatic;
				DEVELOPMENT_TEAM = 6WCGH4JR2H;
				INFOPLIST_FILE = GnomeTownUITests/Info.plist;
				LD_RUNPATH_SEARCH_PATHS = (
					"$(inherited)",
					"@executable_path/Frameworks",
					"@loader_path/Frameworks",
				);
				PRODUCT_BUNDLE_IDENTIFIER = com.waseemtabrez.GnomeTownUITests;
				PRODUCT_NAME = "$(TARGET_NAME)";
				SWIFT_VERSION = 5.0;
				TARGETED_DEVICE_FAMILY = "1,2";
				TEST_TARGET_NAME = GnomeTown;
			};
			name = Release;
		};
/* End XCBuildConfiguration section */

/* Begin XCConfigurationList section */
		7F3AEB6324BFE59B005038A9 /* Build configuration list for PBXProject "GnomeTown" */ = {
			isa = XCConfigurationList;
			buildConfigurations = (
				7F3AEB9324BFE59F005038A9 /* Debug */,
				7F3AEB9424BFE59F005038A9 /* Release */,
			);
			defaultConfigurationIsVisible = 0;
			defaultConfigurationName = Release;
		};
		7F3AEB9524BFE59F005038A9 /* Build configuration list for PBXNativeTarget "GnomeTown" */ = {
			isa = XCConfigurationList;
			buildConfigurations = (
				7F3AEB9624BFE59F005038A9 /* Debug */,
				7F3AEB9724BFE59F005038A9 /* Release */,
			);
			defaultConfigurationIsVisible = 0;
			defaultConfigurationName = Release;
		};
		7F3AEB9824BFE59F005038A9 /* Build configuration list for PBXNativeTarget "GnomeTownTests" */ = {
			isa = XCConfigurationList;
			buildConfigurations = (
				7F3AEB9924BFE59F005038A9 /* Debug */,
				7F3AEB9A24BFE59F005038A9 /* Release */,
			);
			defaultConfigurationIsVisible = 0;
			defaultConfigurationName = Release;
		};
		7F3AEB9B24BFE59F005038A9 /* Build configuration list for PBXNativeTarget "GnomeTownUITests" */ = {
			isa = XCConfigurationList;
			buildConfigurations = (
				7F3AEB9C24BFE59F005038A9 /* Debug */,
				7F3AEB9D24BFE59F005038A9 /* Release */,
			);
			defaultConfigurationIsVisible = 0;
			defaultConfigurationName = Release;
		};
/* End XCConfigurationList section */

/* Begin XCVersionGroup section */
		7F3AEB6F24BFE59B005038A9 /* GnomeTown.xcdatamodeld */ = {
			isa = XCVersionGroup;
			children = (
				7F3AEB7024BFE59B005038A9 /* GnomeTown.xcdatamodel */,
			);
			currentVersion = 7F3AEB7024BFE59B005038A9 /* GnomeTown.xcdatamodel */;
			path = GnomeTown.xcdatamodeld;
			sourceTree = "<group>";
			versionGroupType = wrapper.xcdatamodel;
		};
/* End XCVersionGroup section */
	};
	rootObject = 7F3AEB6024BFE59B005038A9 /* Project object */;
}
