// !$*UTF8*$!
{
	archiveVersion = 1;
	classes = {
	};
	objectVersion = 50;
	objects = {

/* Begin PBXBuildFile section */
		7F3AEB6C24BFE59B005038A9 /* AppDelegate.swift in Sources */ = {isa = PBXBuildFile; fileRef = 7F3AEB6B24BFE59B005038A9 /* AppDelegate.swift */; };
		7F3AEB6E24BFE59B005038A9 /* SceneDelegate.swift in Sources */ = {isa = PBXBuildFile; fileRef = 7F3AEB6D24BFE59B005038A9 /* SceneDelegate.swift */; };
		7F3AEB7124BFE59B005038A9 /* GnomeTown.xcdatamodeld in Sources */ = {isa = PBXBuildFile; fileRef = 7F3AEB6F24BFE59B005038A9 /* GnomeTown.xcdatamodeld */; };
		7F3AEB7324BFE59B005038A9 /* ContentView.swift in Sources */ = {isa = PBXBuildFile; fileRef = 7F3AEB7224BFE59B005038A9 /* ContentView.swift */; };
		7F3AEB7524BFE59E005038A9 /* Assets.xcassets in Resources */ = {isa = PBXBuildFile; fileRef = 7F3AEB7424BFE59E005038A9 /* Assets.xcassets */; };
		7F3AEB7824BFE59E005038A9 /* Preview Assets.xcassets in Resources */ = {isa = PBXBuildFile; fileRef = 7F3AEB7724BFE59E005038A9 /* Preview Assets.xcassets */; };
		7F3AEB7B24BFE59E005038A9 /* LaunchScreen.storyboard in Resources */ = {isa = PBXBuildFile; fileRef = 7F3AEB7924BFE59E005038A9 /* LaunchScreen.storyboard */; };
		7F3AEB8624BFE59F005038A9 /* GnomeTownTests.swift in Sources */ = {isa = PBXBuildFile; fileRef = 7F3AEB8524BFE59F005038A9 /* GnomeTownTests.swift */; };
		7F3AEB9124BFE59F005038A9 /* GnomeTownUITests.swift in Sources */ = {isa = PBXBuildFile; fileRef = 7F3AEB9024BFE59F005038A9 /* GnomeTownUITests.swift */; };
		7F3AEBA224BFE7EB005038A9 /* Gnome+CoreDataClass.swift in Sources */ = {isa = PBXBuildFile; fileRef = 7F3AEBA024BFE7EB005038A9 /* Gnome+CoreDataClass.swift */; };
		7F3AEBA324BFE7EB005038A9 /* Gnome+CoreDataProperties.swift in Sources */ = {isa = PBXBuildFile; fileRef = 7F3AEBA124BFE7EB005038A9 /* Gnome+CoreDataProperties.swift */; };
		7F3AEBA524BFE80D005038A9 /* CoreDataManager.swift in Sources */ = {isa = PBXBuildFile; fileRef = 7F3AEBA424BFE80D005038A9 /* CoreDataManager.swift */; };
		7F3AEBA924BFE864005038A9 /* Extensions.swift in Sources */ = {isa = PBXBuildFile; fileRef = 7F3AEBA824BFE864005038A9 /* Extensions.swift */; };
		7F3AEBAB24C1FA95005038A9 /* CoreDataCustomStack.swift in Sources */ = {isa = PBXBuildFile; fileRef = 7F3AEBAA24C1FA95005038A9 /* CoreDataCustomStack.swift */; };
		7F3AEBB324C1FC77005038A9 /* GnomeModel.swift in Sources */ = {isa = PBXBuildFile; fileRef = 7F3AEBB224C1FC77005038A9 /* GnomeModel.swift */; };
		7F3AEBB924C21E08005038A9 /* CustomActivityIndicator.swift in Sources */ = {isa = PBXBuildFile; fileRef = 7F3AEBB824C21E08005038A9 /* CustomActivityIndicator.swift */; };
		7F3AEBBB24C21E4C005038A9 /* ImageFromUrlView.swift in Sources */ = {isa = PBXBuildFile; fileRef = 7F3AEBBA24C21E4C005038A9 /* ImageFromUrlView.swift */; };
		7F3AEBBE24C21EFE005038A9 /* ImageFromURLVM.swift in Sources */ = {isa = PBXBuildFile; fileRef = 7F3AEBBD24C21EFE005038A9 /* ImageFromURLVM.swift */; };
		7F3AEBC124C21F5A005038A9 /* ImageCache.swift in Sources */ = {isa = PBXBuildFile; fileRef = 7F3AEBC024C21F5A005038A9 /* ImageCache.swift */; };
		7F3AEBC624C25D2A005038A9 /* NetworkManager.swift in Sources */ = {isa = PBXBuildFile; fileRef = 7F3AEBC524C25D2A005038A9 /* NetworkManager.swift */; };
		7F3AEBCA24C2618E005038A9 /* DataProvider.swift in Sources */ = {isa = PBXBuildFile; fileRef = 7F3AEBC924C2618E005038A9 /* DataProvider.swift */; };
		7F3AEBCC24C26585005038A9 /* GnomeListVM.swift in Sources */ = {isa = PBXBuildFile; fileRef = 7F3AEBCB24C26585005038A9 /* GnomeListVM.swift */; };
		7F3AEBCE24C26797005038A9 /* GnomeListView.swift in Sources */ = {isa = PBXBuildFile; fileRef = 7F3AEBCD24C26797005038A9 /* GnomeListView.swift */; };
		7F3AEBD024C28393005038A9 /* GnomeDetailsView.swift in Sources */ = {isa = PBXBuildFile; fileRef = 7F3AEBCF24C28393005038A9 /* GnomeDetailsView.swift */; };
		7F3AEBD324C29040005038A9 /* ColorFilterView.swift in Sources */ = {isa = PBXBuildFile; fileRef = 7F3AEBD224C29040005038A9 /* ColorFilterView.swift */; };
		7F3AEBD924C2A0B6005038A9 /* FilterVM.swift in Sources */ = {isa = PBXBuildFile; fileRef = 7F3AEBD824C2A0B6005038A9 /* FilterVM.swift */; };
		7F3AEBDC24C338CF005038A9 /* ProfessionsListVM.swift in Sources */ = {isa = PBXBuildFile; fileRef = 7F3AEBDB24C338CF005038A9 /* ProfessionsListVM.swift */; };
		7F3AEBDE24C338DF005038A9 /* ProfessionsListView.swift in Sources */ = {isa = PBXBuildFile; fileRef = 7F3AEBDD24C338DF005038A9 /* ProfessionsListView.swift */; };
		7F3AEBE224C358D6005038A9 /* FilterView.swift in Sources */ = {isa = PBXBuildFile; fileRef = 7F3AEBE124C358D6005038A9 /* FilterView.swift */; };
		7F3AEBE424C37629005038A9 /* ColorsListVM.swift in Sources */ = {isa = PBXBuildFile; fileRef = 7F3AEBE324C37629005038A9 /* ColorsListVM.swift */; };
		7F3AEBE724C3E600005038A9 /* AgeFilterVM.swift in Sources */ = {isa = PBXBuildFile; fileRef = 7F3AEBE624C3E600005038A9 /* AgeFilterVM.swift */; };
		7F3AEBE924C3E610005038A9 /* AgeFilterView.swift in Sources */ = {isa = PBXBuildFile; fileRef = 7F3AEBE824C3E610005038A9 /* AgeFilterView.swift */; };
/* End PBXBuildFile section */

/* Begin PBXContainerItemProxy section */
		7F3AEB8224BFE59F005038A9 /* PBXContainerItemProxy */ = {
			isa = PBXContainerItemProxy;
			containerPortal = 7F3AEB6024BFE59B005038A9 /* Project object */;
			proxyType = 1;
			remoteGlobalIDString = 7F3AEB6724BFE59B005038A9;
			remoteInfo = GnomeTown;
		};
		7F3AEB8D24BFE59F005038A9 /* PBXContainerItemProxy */ = {
			isa = PBXContainerItemProxy;
			containerPortal = 7F3AEB6024BFE59B005038A9 /* Project object */;
			proxyType = 1;
			remoteGlobalIDString = 7F3AEB6724BFE59B005038A9;
			remoteInfo = GnomeTown;
		};
/* End PBXContainerItemProxy section */

/* Begin PBXFileReference section */
		7F3AEB6824BFE59B005038A9 /* GnomeTown.app */ = {isa = PBXFileReference; explicitFileType = wrapper.application; includeInIndex = 0; path = GnomeTown.app; sourceTree = BUILT_PRODUCTS_DIR; };
		7F3AEB6B24BFE59B005038A9 /* AppDelegate.swift */ = {isa = PBXFileReference; lastKnownFileType = sourcecode.swift; path = AppDelegate.swift; sourceTree = "<group>"; };
		7F3AEB6D24BFE59B005038A9 /* SceneDelegate.swift */ = {isa = PBXFileReference; lastKnownFileType = sourcecode.swift; path = SceneDelegate.swift; sourceTree = "<group>"; };
		7F3AEB7024BFE59B005038A9 /* GnomeTown.xcdatamodel */ = {isa = PBXFileReference; lastKnownFileType = wrapper.xcdatamodel; path = GnomeTown.xcdatamodel; sourceTree = "<group>"; };
		7F3AEB7224BFE59B005038A9 /* ContentView.swift */ = {isa = PBXFileReference; lastKnownFileType = sourcecode.swift; path = ContentView.swift; sourceTree = "<group>"; };
		7F3AEB7424BFE59E005038A9 /* Assets.xcassets */ = {isa = PBXFileReference; lastKnownFileType = folder.assetcatalog; path = Assets.xcassets; sourceTree = "<group>"; };
		7F3AEB7724BFE59E005038A9 /* Preview Assets.xcassets */ = {isa = PBXFileReference; lastKnownFileType = folder.assetcatalog; path = "Preview Assets.xcassets"; sourceTree = "<group>"; };
		7F3AEB7A24BFE59E005038A9 /* Base */ = {isa = PBXFileReference; lastKnownFileType = file.storyboard; name = Base; path = Base.lproj/LaunchScreen.storyboard; sourceTree = "<group>"; };
		7F3AEB7C24BFE59E005038A9 /* Info.plist */ = {isa = PBXFileReference; lastKnownFileType = text.plist.xml; path = Info.plist; sourceTree = "<group>"; };
		7F3AEB8124BFE59F005038A9 /* GnomeTownTests.xctest */ = {isa = PBXFileReference; explicitFileType = wrapper.cfbundle; includeInIndex = 0; path = GnomeTownTests.xctest; sourceTree = BUILT_PRODUCTS_DIR; };
		7F3AEB8524BFE59F005038A9 /* GnomeTownTests.swift */ = {isa = PBXFileReference; lastKnownFileType = sourcecode.swift; path = GnomeTownTests.swift; sourceTree = "<group>"; };
		7F3AEB8724BFE59F005038A9 /* Info.plist */ = {isa = PBXFileReference; lastKnownFileType = text.plist.xml; path = Info.plist; sourceTree = "<group>"; };
		7F3AEB8C24BFE59F005038A9 /* GnomeTownUITests.xctest */ = {isa = PBXFileReference; explicitFileType = wrapper.cfbundle; includeInIndex = 0; path = GnomeTownUITests.xctest; sourceTree = BUILT_PRODUCTS_DIR; };
		7F3AEB9024BFE59F005038A9 /* GnomeTownUITests.swift */ = {isa = PBXFileReference; lastKnownFileType = sourcecode.swift; path = GnomeTownUITests.swift; sourceTree = "<group>"; };
		7F3AEB9224BFE59F005038A9 /* Info.plist */ = {isa = PBXFileReference; lastKnownFileType = text.plist.xml; path = Info.plist; sourceTree = "<group>"; };
		7F3AEBA024BFE7EB005038A9 /* Gnome+CoreDataClass.swift */ = {isa = PBXFileReference; lastKnownFileType = sourcecode.swift; name = "Gnome+CoreDataClass.swift"; path = "GnomeTown/CoreData/Models/Gnome+CoreDataClass.swift"; sourceTree = SOURCE_ROOT; };
		7F3AEBA124BFE7EB005038A9 /* Gnome+CoreDataProperties.swift */ = {isa = PBXFileReference; lastKnownFileType = sourcecode.swift; name = "Gnome+CoreDataProperties.swift"; path = "GnomeTown/CoreData/Models/Gnome+CoreDataProperties.swift"; sourceTree = SOURCE_ROOT; };
		7F3AEBA424BFE80D005038A9 /* CoreDataManager.swift */ = {isa = PBXFileReference; lastKnownFileType = sourcecode.swift; path = CoreDataManager.swift; sourceTree = "<group>"; };
		7F3AEBA824BFE864005038A9 /* Extensions.swift */ = {isa = PBXFileReference; lastKnownFileType = sourcecode.swift; path = Extensions.swift; sourceTree = "<group>"; };
		7F3AEBAA24C1FA95005038A9 /* CoreDataCustomStack.swift */ = {isa = PBXFileReference; lastKnownFileType = sourcecode.swift; path = CoreDataCustomStack.swift; sourceTree = "<group>"; };
		7F3AEBB224C1FC77005038A9 /* GnomeModel.swift */ = {isa = PBXFileReference; lastKnownFileType = sourcecode.swift; path = GnomeModel.swift; sourceTree = "<group>"; };
		7F3AEBB824C21E08005038A9 /* CustomActivityIndicator.swift */ = {isa = PBXFileReference; lastKnownFileType = sourcecode.swift; path = CustomActivityIndicator.swift; sourceTree = "<group>"; };
		7F3AEBBA24C21E4C005038A9 /* ImageFromUrlView.swift */ = {isa = PBXFileReference; lastKnownFileType = sourcecode.swift; path = ImageFromUrlView.swift; sourceTree = "<group>"; };
		7F3AEBBD24C21EFE005038A9 /* ImageFromURLVM.swift */ = {isa = PBXFileReference; lastKnownFileType = sourcecode.swift; path = ImageFromURLVM.swift; sourceTree = "<group>"; };
		7F3AEBC024C21F5A005038A9 /* ImageCache.swift */ = {isa = PBXFileReference; lastKnownFileType = sourcecode.swift; path = ImageCache.swift; sourceTree = "<group>"; };
		7F3AEBC524C25D2A005038A9 /* NetworkManager.swift */ = {isa = PBXFileReference; lastKnownFileType = sourcecode.swift; path = NetworkManager.swift; sourceTree = "<group>"; };
		7F3AEBC924C2618E005038A9 /* DataProvider.swift */ = {isa = PBXFileReference; lastKnownFileType = sourcecode.swift; path = DataProvider.swift; sourceTree = "<group>"; };
		7F3AEBCB24C26585005038A9 /* GnomeListVM.swift */ = {isa = PBXFileReference; lastKnownFileType = sourcecode.swift; path = GnomeListVM.swift; sourceTree = "<group>"; };
		7F3AEBCD24C26797005038A9 /* GnomeListView.swift */ = {isa = PBXFileReference; lastKnownFileType = sourcecode.swift; path = GnomeListView.swift; sourceTree = "<group>"; };
		7F3AEBCF24C28393005038A9 /* GnomeDetailsView.swift */ = {isa = PBXFileReference; lastKnownFileType = sourcecode.swift; path = GnomeDetailsView.swift; sourceTree = "<group>"; };
		7F3AEBD224C29040005038A9 /* ColorFilterView.swift */ = {isa = PBXFileReference; lastKnownFileType = sourcecode.swift; path = ColorFilterView.swift; sourceTree = "<group>"; };
		7F3AEBD824C2A0B6005038A9 /* FilterVM.swift */ = {isa = PBXFileReference; lastKnownFileType = sourcecode.swift; path = FilterVM.swift; sourceTree = "<group>"; };
		7F3AEBDB24C338CF005038A9 /* ProfessionsListVM.swift */ = {isa = PBXFileReference; lastKnownFileType = sourcecode.swift; path = ProfessionsListVM.swift; sourceTree = "<group>"; };
		7F3AEBDD24C338DF005038A9 /* ProfessionsListView.swift */ = {isa = PBXFileReference; lastKnownFileType = sourcecode.swift; path = ProfessionsListView.swift; sourceTree = "<group>"; };
		7F3AEBE124C358D6005038A9 /* FilterView.swift */ = {isa = PBXFileReference; lastKnownFileType = sourcecode.swift; path = FilterView.swift; sourceTree = "<group>"; };
		7F3AEBE324C37629005038A9 /* ColorsListVM.swift */ = {isa = PBXFileReference; lastKnownFileType = sourcecode.swift; path = ColorsListVM.swift; sourceTree = "<group>"; };
		7F3AEBE624C3E600005038A9 /* AgeFilterVM.swift */ = {isa = PBXFileReference; lastKnownFileType = sourcecode.swift; path = AgeFilterVM.swift; sourceTree = "<group>"; };
		7F3AEBE824C3E610005038A9 /* AgeFilterView.swift */ = {isa = PBXFileReference; lastKnownFileType = sourcecode.swift; path = AgeFilterView.swift; sourceTree = "<group>"; };
/* End PBXFileReference section */

/* Begin PBXFrameworksBuildPhase section */
		7F3AEB6524BFE59B005038A9 /* Frameworks */ = {
			isa = PBXFrameworksBuildPhase;
			buildActionMask = 2147483647;
			files = (
			);
			runOnlyForDeploymentPostprocessing = 0;
		};
		7F3AEB7E24BFE59F005038A9 /* Frameworks */ = {
			isa = PBXFrameworksBuildPhase;
			buildActionMask = 2147483647;
			files = (
			);
			runOnlyForDeploymentPostprocessing = 0;
		};
		7F3AEB8924BFE59F005038A9 /* Frameworks */ = {
			isa = PBXFrameworksBuildPhase;
			buildActionMask = 2147483647;
			files = (
			);
			runOnlyForDeploymentPostprocessing = 0;
		};
/* End PBXFrameworksBuildPhase section */

/* Begin PBXGroup section */
		7F3AEB5F24BFE59B005038A9 = {
			isa = PBXGroup;
			children = (
				7F3AEB6A24BFE59B005038A9 /* GnomeTown */,
				7F3AEB8424BFE59F005038A9 /* GnomeTownTests */,
				7F3AEB8F24BFE59F005038A9 /* GnomeTownUITests */,
				7F3AEB6924BFE59B005038A9 /* Products */,
			);
			sourceTree = "<group>";
		};
		7F3AEB6924BFE59B005038A9 /* Products */ = {
			isa = PBXGroup;
			children = (
				7F3AEB6824BFE59B005038A9 /* GnomeTown.app */,
				7F3AEB8124BFE59F005038A9 /* GnomeTownTests.xctest */,
				7F3AEB8C24BFE59F005038A9 /* GnomeTownUITests.xctest */,
			);
			name = Products;
			sourceTree = "<group>";
		};
		7F3AEB6A24BFE59B005038A9 /* GnomeTown */ = {
			isa = PBXGroup;
			children = (
				7F3AEBBF24C21F21005038A9 /* DataStore */,
				7F3AEBB024C1FC59005038A9 /* Modules */,
				7F3AEBA624BFE824005038A9 /* Common */,
				7F3AEB9F24BFE64D005038A9 /* CoreData */,
				7F3AEB9E24BFE5CC005038A9 /* Resources */,
				7F3AEB7624BFE59E005038A9 /* Preview Content */,
			);
			path = GnomeTown;
			sourceTree = "<group>";
		};
		7F3AEB7624BFE59E005038A9 /* Preview Content */ = {
			isa = PBXGroup;
			children = (
				7F3AEB7724BFE59E005038A9 /* Preview Assets.xcassets */,
			);
			path = "Preview Content";
			sourceTree = "<group>";
		};
		7F3AEB8424BFE59F005038A9 /* GnomeTownTests */ = {
			isa = PBXGroup;
			children = (
				7F3AEB8524BFE59F005038A9 /* GnomeTownTests.swift */,
				7F3AEB8724BFE59F005038A9 /* Info.plist */,
			);
			path = GnomeTownTests;
			sourceTree = "<group>";
		};
		7F3AEB8F24BFE59F005038A9 /* GnomeTownUITests */ = {
			isa = PBXGroup;
			children = (
				7F3AEB9024BFE59F005038A9 /* GnomeTownUITests.swift */,
				7F3AEB9224BFE59F005038A9 /* Info.plist */,
			);
			path = GnomeTownUITests;
			sourceTree = "<group>";
		};
		7F3AEB9E24BFE5CC005038A9 /* Resources */ = {
			isa = PBXGroup;
			children = (
				7F3AEB6B24BFE59B005038A9 /* AppDelegate.swift */,
				7F3AEB6D24BFE59B005038A9 /* SceneDelegate.swift */,
				7F3AEB7224BFE59B005038A9 /* ContentView.swift */,
				7F3AEB7424BFE59E005038A9 /* Assets.xcassets */,
				7F3AEB7924BFE59E005038A9 /* LaunchScreen.storyboard */,
				7F3AEB7C24BFE59E005038A9 /* Info.plist */,
			);
			path = Resources;
			sourceTree = "<group>";
		};
		7F3AEB9F24BFE64D005038A9 /* CoreData */ = {
			isa = PBXGroup;
			children = (
				7F3AEBB124C1FC66005038A9 /* CustomModels */,
				7F3AEBAE24C1FBE7005038A9 /* Manager */,
				7F3AEBAD24C1FBB5005038A9 /* Resources */,
				7F3AEBAC24C1FB97005038A9 /* Models */,
			);
			path = CoreData;
			sourceTree = "<group>";
		};
		7F3AEBA624BFE824005038A9 /* Common */ = {
			isa = PBXGroup;
			children = (
				7F3AEBA724BFE82C005038A9 /* Extensions */,
			);
			path = Common;
			sourceTree = "<group>";
		};
		7F3AEBA724BFE82C005038A9 /* Extensions */ = {
			isa = PBXGroup;
			children = (
				7F3AEBA824BFE864005038A9 /* Extensions.swift */,
			);
			path = Extensions;
			sourceTree = "<group>";
		};
		7F3AEBAC24C1FB97005038A9 /* Models */ = {
			isa = PBXGroup;
			children = (
				7F3AEBA024BFE7EB005038A9 /* Gnome+CoreDataClass.swift */,
				7F3AEBA124BFE7EB005038A9 /* Gnome+CoreDataProperties.swift */,
			);
			path = Models;
			sourceTree = "<group>";
		};
		7F3AEBAD24C1FBB5005038A9 /* Resources */ = {
			isa = PBXGroup;
			children = (
				7F3AEB6F24BFE59B005038A9 /* GnomeTown.xcdatamodeld */,
				7F3AEBAA24C1FA95005038A9 /* CoreDataCustomStack.swift */,
			);
			path = Resources;
			sourceTree = "<group>";
		};
		7F3AEBAE24C1FBE7005038A9 /* Manager */ = {
			isa = PBXGroup;
			children = (
				7F3AEBA424BFE80D005038A9 /* CoreDataManager.swift */,
			);
			path = Manager;
			sourceTree = "<group>";
		};
		7F3AEBB024C1FC59005038A9 /* Modules */ = {
			isa = PBXGroup;
			children = (
				7F3AEBD124C2901F005038A9 /* GnomeFilter */,
				7F3AEBBC24C21E52005038A9 /* ImageFromURL */,
				7F3AEBB724C21DDC005038A9 /* SupportingViews */,
				7F3AEBB624C210A1005038A9 /* Dashboard */,
				7F3AEBB524C21071005038A9 /* GnomeDetail */,
				7F3AEBB424C21066005038A9 /* GnomeList */,
			);
			path = Modules;
			sourceTree = "<group>";
		};
		7F3AEBB124C1FC66005038A9 /* CustomModels */ = {
			isa = PBXGroup;
			children = (
				7F3AEBB224C1FC77005038A9 /* GnomeModel.swift */,
			);
			path = CustomModels;
			sourceTree = "<group>";
		};
		7F3AEBB424C21066005038A9 /* GnomeList */ = {
			isa = PBXGroup;
			children = (
				7F3AEBCB24C26585005038A9 /* GnomeListVM.swift */,
				7F3AEBCD24C26797005038A9 /* GnomeListView.swift */,
			);
			path = GnomeList;
			sourceTree = "<group>";
		};
		7F3AEBB524C21071005038A9 /* GnomeDetail */ = {
			isa = PBXGroup;
			children = (
				7F3AEBCF24C28393005038A9 /* GnomeDetailsView.swift */,
			);
			path = GnomeDetail;
			sourceTree = "<group>";
		};
		7F3AEBB624C210A1005038A9 /* Dashboard */ = {
			isa = PBXGroup;
			children = (
			);
			path = Dashboard;
			sourceTree = "<group>";
		};
		7F3AEBB724C21DDC005038A9 /* SupportingViews */ = {
			isa = PBXGroup;
			children = (
				7F3AEBB824C21E08005038A9 /* CustomActivityIndicator.swift */,
			);
			path = SupportingViews;
			sourceTree = "<group>";
		};
		7F3AEBBC24C21E52005038A9 /* ImageFromURL */ = {
			isa = PBXGroup;
			children = (
				7F3AEBBA24C21E4C005038A9 /* ImageFromUrlView.swift */,
				7F3AEBBD24C21EFE005038A9 /* ImageFromURLVM.swift */,
			);
			path = ImageFromURL;
			sourceTree = "<group>";
		};
		7F3AEBBF24C21F21005038A9 /* DataStore */ = {
			isa = PBXGroup;
			children = (
				7F3AEBC824C2617C005038A9 /* DataProvider */,
				7F3AEBC724C26165005038A9 /* NetworkManager */,
				7F3AEBC224C21F72005038A9 /* Cache */,
			);
			path = DataStore;
			sourceTree = "<group>";
		};
		7F3AEBC224C21F72005038A9 /* Cache */ = {
			isa = PBXGroup;
			children = (
				7F3AEBC024C21F5A005038A9 /* ImageCache.swift */,
			);
			path = Cache;
			sourceTree = "<group>";
		};
		7F3AEBC724C26165005038A9 /* NetworkManager */ = {
			isa = PBXGroup;
			children = (
				7F3AEBC524C25D2A005038A9 /* NetworkManager.swift */,
			);
			path = NetworkManager;
			sourceTree = "<group>";
		};
		7F3AEBC824C2617C005038A9 /* DataProvider */ = {
			isa = PBXGroup;
			children = (
				7F3AEBC924C2618E005038A9 /* DataProvider.swift */,
			);
			path = DataProvider;
			sourceTree = "<group>";
		};
		7F3AEBD124C2901F005038A9 /* GnomeFilter */ = {
			isa = PBXGroup;
			children = (
				7F3AEBE524C3E5E6005038A9 /* AgeFilter */,
				7F3AEBE024C3512B005038A9 /* ColorFilter */,
				7F3AEBDA24C338A2005038A9 /* ProfessionsList */,
				7F3AEBD824C2A0B6005038A9 /* FilterVM.swift */,
				7F3AEBE124C358D6005038A9 /* FilterView.swift */,
			);
			path = GnomeFilter;
			sourceTree = "<group>";
		};
		7F3AEBDA24C338A2005038A9 /* ProfessionsList */ = {
			isa = PBXGroup;
			children = (
				7F3AEBDB24C338CF005038A9 /* ProfessionsListVM.swift */,
				7F3AEBDD24C338DF005038A9 /* ProfessionsListView.swift */,
			);
			path = ProfessionsList;
			sourceTree = "<group>";
		};
		7F3AEBE024C3512B005038A9 /* ColorFilter */ = {
			isa = PBXGroup;
			children = (
				7F3AEBD224C29040005038A9 /* ColorFilterView.swift */,
				7F3AEBE324C37629005038A9 /* ColorsListVM.swift */,
			);
			path = ColorFilter;
			sourceTree = "<group>";
		};
		7F3AEBE524C3E5E6005038A9 /* AgeFilter */ = {
			isa = PBXGroup;
			children = (
				7F3AEBE624C3E600005038A9 /* AgeFilterVM.swift */,
				7F3AEBE824C3E610005038A9 /* AgeFilterView.swift */,
			);
			path = AgeFilter;
			sourceTree = "<group>";
		};
/* End PBXGroup section */

/* Begin PBXNativeTarget section */
		7F3AEB6724BFE59B005038A9 /* GnomeTown */ = {
			isa = PBXNativeTarget;
			buildConfigurationList = 7F3AEB9524BFE59F005038A9 /* Build configuration list for PBXNativeTarget "GnomeTown" */;
			buildPhases = (
				7F3AEB6424BFE59B005038A9 /* Sources */,
				7F3AEB6524BFE59B005038A9 /* Frameworks */,
				7F3AEB6624BFE59B005038A9 /* Resources */,
			);
			buildRules = (
			);
			dependencies = (
			);
			name = GnomeTown;
			productName = GnomeTown;
			productReference = 7F3AEB6824BFE59B005038A9 /* GnomeTown.app */;
			productType = "com.apple.product-type.application";
		};
		7F3AEB8024BFE59F005038A9 /* GnomeTownTests */ = {
			isa = PBXNativeTarget;
			buildConfigurationList = 7F3AEB9824BFE59F005038A9 /* Build configuration list for PBXNativeTarget "GnomeTownTests" */;
			buildPhases = (
				7F3AEB7D24BFE59F005038A9 /* Sources */,
				7F3AEB7E24BFE59F005038A9 /* Frameworks */,
				7F3AEB7F24BFE59F005038A9 /* Resources */,
			);
			buildRules = (
			);
			dependencies = (
				7F3AEB8324BFE59F005038A9 /* PBXTargetDependency */,
			);
			name = GnomeTownTests;
			productName = GnomeTownTests;
			productReference = 7F3AEB8124BFE59F005038A9 /* GnomeTownTests.xctest */;
			productType = "com.apple.product-type.bundle.unit-test";
		};
		7F3AEB8B24BFE59F005038A9 /* GnomeTownUITests */ = {
			isa = PBXNativeTarget;
			buildConfigurationList = 7F3AEB9B24BFE59F005038A9 /* Build configuration list for PBXNativeTarget "GnomeTownUITests" */;
			buildPhases = (
				7F3AEB8824BFE59F005038A9 /* Sources */,
				7F3AEB8924BFE59F005038A9 /* Frameworks */,
				7F3AEB8A24BFE59F005038A9 /* Resources */,
			);
			buildRules = (
			);
			dependencies = (
				7F3AEB8E24BFE59F005038A9 /* PBXTargetDependency */,
			);
			name = GnomeTownUITests;
			productName = GnomeTownUITests;
			productReference = 7F3AEB8C24BFE59F005038A9 /* GnomeTownUITests.xctest */;
			productType = "com.apple.product-type.bundle.ui-testing";
		};
/* End PBXNativeTarget section */

/* Begin PBXProject section */
		7F3AEB6024BFE59B005038A9 /* Project object */ = {
			isa = PBXProject;
			attributes = {
				LastSwiftUpdateCheck = 1150;
				LastUpgradeCheck = 1150;
				ORGANIZATIONNAME = "Syed Developers";
				TargetAttributes = {
					7F3AEB6724BFE59B005038A9 = {
						CreatedOnToolsVersion = 11.5;
					};
					7F3AEB8024BFE59F005038A9 = {
						CreatedOnToolsVersion = 11.5;
						TestTargetID = 7F3AEB6724BFE59B005038A9;
					};
					7F3AEB8B24BFE59F005038A9 = {
						CreatedOnToolsVersion = 11.5;
						TestTargetID = 7F3AEB6724BFE59B005038A9;
					};
				};
			};
			buildConfigurationList = 7F3AEB6324BFE59B005038A9 /* Build configuration list for PBXProject "GnomeTown" */;
			compatibilityVersion = "Xcode 9.3";
			developmentRegion = en;
			hasScannedForEncodings = 0;
			knownRegions = (
				en,
				Base,
			);
			mainGroup = 7F3AEB5F24BFE59B005038A9;
			productRefGroup = 7F3AEB6924BFE59B005038A9 /* Products */;
			projectDirPath = "";
			projectRoot = "";
			targets = (
				7F3AEB6724BFE59B005038A9 /* GnomeTown */,
				7F3AEB8024BFE59F005038A9 /* GnomeTownTests */,
				7F3AEB8B24BFE59F005038A9 /* GnomeTownUITests */,
			);
		};
/* End PBXProject section */

/* Begin PBXResourcesBuildPhase section */
		7F3AEB6624BFE59B005038A9 /* Resources */ = {
			isa = PBXResourcesBuildPhase;
			buildActionMask = 2147483647;
			files = (
				7F3AEB7B24BFE59E005038A9 /* LaunchScreen.storyboard in Resources */,
				7F3AEB7824BFE59E005038A9 /* Preview Assets.xcassets in Resources */,
				7F3AEB7524BFE59E005038A9 /* Assets.xcassets in Resources */,
			);
			runOnlyForDeploymentPostprocessing = 0;
		};
		7F3AEB7F24BFE59F005038A9 /* Resources */ = {
			isa = PBXResourcesBuildPhase;
			buildActionMask = 2147483647;
			files = (
			);
			runOnlyForDeploymentPostprocessing = 0;
		};
		7F3AEB8A24BFE59F005038A9 /* Resources */ = {
			isa = PBXResourcesBuildPhase;
			buildActionMask = 2147483647;
			files = (
			);
			runOnlyForDeploymentPostprocessing = 0;
		};
/* End PBXResourcesBuildPhase section */

/* Begin PBXSourcesBuildPhase section */
		7F3AEB6424BFE59B005038A9 /* Sources */ = {
			isa = PBXSourcesBuildPhase;
			buildActionMask = 2147483647;
			files = (
				7F3AEBDC24C338CF005038A9 /* ProfessionsListVM.swift in Sources */,
				7F3AEBD924C2A0B6005038A9 /* FilterVM.swift in Sources */,
				7F3AEB6C24BFE59B005038A9 /* AppDelegate.swift in Sources */,
				7F3AEBAB24C1FA95005038A9 /* CoreDataCustomStack.swift in Sources */,
				7F3AEBE224C358D6005038A9 /* FilterView.swift in Sources */,
				7F3AEBCC24C26585005038A9 /* GnomeListVM.swift in Sources */,
				7F3AEBD324C29040005038A9 /* ColorFilterView.swift in Sources */,
				7F3AEBCE24C26797005038A9 /* GnomeListView.swift in Sources */,
				7F3AEBCA24C2618E005038A9 /* DataProvider.swift in Sources */,
				7F3AEBDE24C338DF005038A9 /* ProfessionsListView.swift in Sources */,
				7F3AEBBB24C21E4C005038A9 /* ImageFromUrlView.swift in Sources */,
				7F3AEBBE24C21EFE005038A9 /* ImageFromURLVM.swift in Sources */,
				7F3AEBB324C1FC77005038A9 /* GnomeModel.swift in Sources */,
				7F3AEBA924BFE864005038A9 /* Extensions.swift in Sources */,
				7F3AEBE424C37629005038A9 /* ColorsListVM.swift in Sources */,
				7F3AEB7124BFE59B005038A9 /* GnomeTown.xcdatamodeld in Sources */,
				7F3AEBE924C3E610005038A9 /* AgeFilterView.swift in Sources */,
				7F3AEBA224BFE7EB005038A9 /* Gnome+CoreDataClass.swift in Sources */,
				7F3AEB7324BFE59B005038A9 /* ContentView.swift in Sources */,
				7F3AEBE724C3E600005038A9 /* AgeFilterVM.swift in Sources */,
				7F3AEBA324BFE7EB005038A9 /* Gnome+CoreDataProperties.swift in Sources */,
				7F3AEBB924C21E08005038A9 /* CustomActivityIndicator.swift in Sources */,
				7F3AEBA524BFE80D005038A9 /* CoreDataManager.swift in Sources */,
				7F3AEBC624C25D2A005038A9 /* NetworkManager.swift in Sources */,
				7F3AEBC124C21F5A005038A9 /* ImageCache.swift in Sources */,
				7F3AEBD024C28393005038A9 /* GnomeDetailsView.swift in Sources */,
				7F3AEB6E24BFE59B005038A9 /* SceneDelegate.swift in Sources */,
			);
			runOnlyForDeploymentPostprocessing = 0;
		};
		7F3AEB7D24BFE59F005038A9 /* Sources */ = {
			isa = PBXSourcesBuildPhase;
			buildActionMask = 2147483647;
			files = (
				7F3AEB8624BFE59F005038A9 /* GnomeTownTests.swift in Sources */,
			);
			runOnlyForDeploymentPostprocessing = 0;
		};
		7F3AEB8824BFE59F005038A9 /* Sources */ = {
			isa = PBXSourcesBuildPhase;
			buildActionMask = 2147483647;
			files = (
				7F3AEB9124BFE59F005038A9 /* GnomeTownUITests.swift in Sources */,
			);
			runOnlyForDeploymentPostprocessing = 0;
		};
/* End PBXSourcesBuildPhase section */

/* Begin PBXTargetDependency section */
		7F3AEB8324BFE59F005038A9 /* PBXTargetDependency */ = {
			isa = PBXTargetDependency;
			target = 7F3AEB6724BFE59B005038A9 /* GnomeTown */;
			targetProxy = 7F3AEB8224BFE59F005038A9 /* PBXContainerItemProxy */;
		};
		7F3AEB8E24BFE59F005038A9 /* PBXTargetDependency */ = {
			isa = PBXTargetDependency;
			target = 7F3AEB6724BFE59B005038A9 /* GnomeTown */;
			targetProxy = 7F3AEB8D24BFE59F005038A9 /* PBXContainerItemProxy */;
		};
/* End PBXTargetDependency section */

/* Begin PBXVariantGroup section */
		7F3AEB7924BFE59E005038A9 /* LaunchScreen.storyboard */ = {
			isa = PBXVariantGroup;
			children = (
				7F3AEB7A24BFE59E005038A9 /* Base */,
			);
			name = LaunchScreen.storyboard;
			sourceTree = "<group>";
		};
/* End PBXVariantGroup section */

/* Begin XCBuildConfiguration section */
		7F3AEB9324BFE59F005038A9 /* Debug */ = {
			isa = XCBuildConfiguration;
			buildSettings = {
				ALWAYS_SEARCH_USER_PATHS = NO;
				CLANG_ANALYZER_NONNULL = YES;
				CLANG_ANALYZER_NUMBER_OBJECT_CONVERSION = YES_AGGRESSIVE;
				CLANG_CXX_LANGUAGE_STANDARD = "gnu++14";
				CLANG_CXX_LIBRARY = "libc++";
				CLANG_ENABLE_MODULES = YES;
				CLANG_ENABLE_OBJC_ARC = YES;
				CLANG_ENABLE_OBJC_WEAK = YES;
				CLANG_WARN_BLOCK_CAPTURE_AUTORELEASING = YES;
				CLANG_WARN_BOOL_CONVERSION = YES;
				CLANG_WARN_COMMA = YES;
				CLANG_WARN_CONSTANT_CONVERSION = YES;
				CLANG_WARN_DEPRECATED_OBJC_IMPLEMENTATIONS = YES;
				CLANG_WARN_DIRECT_OBJC_ISA_USAGE = YES_ERROR;
				CLANG_WARN_DOCUMENTATION_COMMENTS = YES;
				CLANG_WARN_EMPTY_BODY = YES;
				CLANG_WARN_ENUM_CONVERSION = YES;
				CLANG_WARN_INFINITE_RECURSION = YES;
				CLANG_WARN_INT_CONVERSION = YES;
				CLANG_WARN_NON_LITERAL_NULL_CONVERSION = YES;
				CLANG_WARN_OBJC_IMPLICIT_RETAIN_SELF = YES;
				CLANG_WARN_OBJC_LITERAL_CONVERSION = YES;
				CLANG_WARN_OBJC_ROOT_CLASS = YES_ERROR;
				CLANG_WARN_RANGE_LOOP_ANALYSIS = YES;
				CLANG_WARN_STRICT_PROTOTYPES = YES;
				CLANG_WARN_SUSPICIOUS_MOVE = YES;
				CLANG_WARN_UNGUARDED_AVAILABILITY = YES_AGGRESSIVE;
				CLANG_WARN_UNREACHABLE_CODE = YES;
				CLANG_WARN__DUPLICATE_METHOD_MATCH = YES;
				COPY_PHASE_STRIP = NO;
				DEBUG_INFORMATION_FORMAT = dwarf;
				ENABLE_STRICT_OBJC_MSGSEND = YES;
				ENABLE_TESTABILITY = YES;
				GCC_C_LANGUAGE_STANDARD = gnu11;
				GCC_DYNAMIC_NO_PIC = NO;
				GCC_NO_COMMON_BLOCKS = YES;
				GCC_OPTIMIZATION_LEVEL = 0;
				GCC_PREPROCESSOR_DEFINITIONS = (
					"DEBUG=1",
					"$(inherited)",
				);
				GCC_WARN_64_TO_32_BIT_CONVERSION = YES;
				GCC_WARN_ABOUT_RETURN_TYPE = YES_ERROR;
				GCC_WARN_UNDECLARED_SELECTOR = YES;
				GCC_WARN_UNINITIALIZED_AUTOS = YES_AGGRESSIVE;
				GCC_WARN_UNUSED_FUNCTION = YES;
				GCC_WARN_UNUSED_VARIABLE = YES;
				IPHONEOS_DEPLOYMENT_TARGET = 13.5;
				MTL_ENABLE_DEBUG_INFO = INCLUDE_SOURCE;
				MTL_FAST_MATH = YES;
				ONLY_ACTIVE_ARCH = YES;
				SDKROOT = iphoneos;
				SWIFT_ACTIVE_COMPILATION_CONDITIONS = DEBUG;
				SWIFT_OPTIMIZATION_LEVEL = "-Onone";
			};
			name = Debug;
		};
		7F3AEB9424BFE59F005038A9 /* Release */ = {
			isa = XCBuildConfiguration;
			buildSettings = {
				ALWAYS_SEARCH_USER_PATHS = NO;
				CLANG_ANALYZER_NONNULL = YES;
				CLANG_ANALYZER_NUMBER_OBJECT_CONVERSION = YES_AGGRESSIVE;
				CLANG_CXX_LANGUAGE_STANDARD = "gnu++14";
				CLANG_CXX_LIBRARY = "libc++";
				CLANG_ENABLE_MODULES = YES;
				CLANG_ENABLE_OBJC_ARC = YES;
				CLANG_ENABLE_OBJC_WEAK = YES;
				CLANG_WARN_BLOCK_CAPTURE_AUTORELEASING = YES;
				CLANG_WARN_BOOL_CONVERSION = YES;
				CLANG_WARN_COMMA = YES;
				CLANG_WARN_CONSTANT_CONVERSION = YES;
				CLANG_WARN_DEPRECATED_OBJC_IMPLEMENTATIONS = YES;
				CLANG_WARN_DIRECT_OBJC_ISA_USAGE = YES_ERROR;
				CLANG_WARN_DOCUMENTATION_COMMENTS = YES;
				CLANG_WARN_EMPTY_BODY = YES;
				CLANG_WARN_ENUM_CONVERSION = YES;
				CLANG_WARN_INFINITE_RECURSION = YES;
				CLANG_WARN_INT_CONVERSION = YES;
				CLANG_WARN_NON_LITERAL_NULL_CONVERSION = YES;
				CLANG_WARN_OBJC_IMPLICIT_RETAIN_SELF = YES;
				CLANG_WARN_OBJC_LITERAL_CONVERSION = YES;
				CLANG_WARN_OBJC_ROOT_CLASS = YES_ERROR;
				CLANG_WARN_RANGE_LOOP_ANALYSIS = YES;
				CLANG_WARN_STRICT_PROTOTYPES = YES;
				CLANG_WARN_SUSPICIOUS_MOVE = YES;
				CLANG_WARN_UNGUARDED_AVAILABILITY = YES_AGGRESSIVE;
				CLANG_WARN_UNREACHABLE_CODE = YES;
				CLANG_WARN__DUPLICATE_METHOD_MATCH = YES;
				COPY_PHASE_STRIP = NO;
				DEBUG_INFORMATION_FORMAT = "dwarf-with-dsym";
				ENABLE_NS_ASSERTIONS = NO;
				ENABLE_STRICT_OBJC_MSGSEND = YES;
				GCC_C_LANGUAGE_STANDARD = gnu11;
				GCC_NO_COMMON_BLOCKS = YES;
				GCC_WARN_64_TO_32_BIT_CONVERSION = YES;
				GCC_WARN_ABOUT_RETURN_TYPE = YES_ERROR;
				GCC_WARN_UNDECLARED_SELECTOR = YES;
				GCC_WARN_UNINITIALIZED_AUTOS = YES_AGGRESSIVE;
				GCC_WARN_UNUSED_FUNCTION = YES;
				GCC_WARN_UNUSED_VARIABLE = YES;
				IPHONEOS_DEPLOYMENT_TARGET = 13.5;
				MTL_ENABLE_DEBUG_INFO = NO;
				MTL_FAST_MATH = YES;
				SDKROOT = iphoneos;
				SWIFT_COMPILATION_MODE = wholemodule;
				SWIFT_OPTIMIZATION_LEVEL = "-O";
				VALIDATE_PRODUCT = YES;
			};
			name = Release;
		};
		7F3AEB9624BFE59F005038A9 /* Debug */ = {
			isa = XCBuildConfiguration;
			buildSettings = {
				ASSETCATALOG_COMPILER_APPICON_NAME = AppIcon;
				CODE_SIGN_STYLE = Automatic;
				DEVELOPMENT_ASSET_PATHS = "\"GnomeTown/Preview Content\"";
				DEVELOPMENT_TEAM = 6WCGH4JR2H;
				ENABLE_PREVIEWS = YES;
				INFOPLIST_FILE = GnomeTown/Resources/Info.plist;
				LD_RUNPATH_SEARCH_PATHS = (
					"$(inherited)",
					"@executable_path/Frameworks",
				);
				PRODUCT_BUNDLE_IDENTIFIER = com.waseemtabrez.GnomeTown;
				PRODUCT_NAME = "$(TARGET_NAME)";
				SWIFT_VERSION = 5.0;
				TARGETED_DEVICE_FAMILY = "1,2";
			};
			name = Debug;
		};
		7F3AEB9724BFE59F005038A9 /* Release */ = {
			isa = XCBuildConfiguration;
			buildSettings = {
				ASSETCATALOG_COMPILER_APPICON_NAME = AppIcon;
				CODE_SIGN_STYLE = Automatic;
				DEVELOPMENT_ASSET_PATHS = "\"GnomeTown/Preview Content\"";
				DEVELOPMENT_TEAM = 6WCGH4JR2H;
				ENABLE_PREVIEWS = YES;
				INFOPLIST_FILE = GnomeTown/Resources/Info.plist;
				LD_RUNPATH_SEARCH_PATHS = (
					"$(inherited)",
					"@executable_path/Frameworks",
				);
				PRODUCT_BUNDLE_IDENTIFIER = com.waseemtabrez.GnomeTown;
				PRODUCT_NAME = "$(TARGET_NAME)";
				SWIFT_VERSION = 5.0;
				TARGETED_DEVICE_FAMILY = "1,2";
			};
			name = Release;
		};
		7F3AEB9924BFE59F005038A9 /* Debug */ = {
			isa = XCBuildConfiguration;
			buildSettings = {
				ALWAYS_EMBED_SWIFT_STANDARD_LIBRARIES = YES;
				BUNDLE_LOADER = "$(TEST_HOST)";
				CODE_SIGN_STYLE = Automatic;
				DEVELOPMENT_TEAM = 6WCGH4JR2H;
				INFOPLIST_FILE = GnomeTownTests/Info.plist;
				IPHONEOS_DEPLOYMENT_TARGET = 13.5;
				LD_RUNPATH_SEARCH_PATHS = (
					"$(inherited)",
					"@executable_path/Frameworks",
					"@loader_path/Frameworks",
				);
				PRODUCT_BUNDLE_IDENTIFIER = com.waseemtabrez.GnomeTownTests;
				PRODUCT_NAME = "$(TARGET_NAME)";
				SWIFT_VERSION = 5.0;
				TARGETED_DEVICE_FAMILY = "1,2";
				TEST_HOST = "$(BUILT_PRODUCTS_DIR)/GnomeTown.app/GnomeTown";
			};
			name = Debug;
		};
		7F3AEB9A24BFE59F005038A9 /* Release */ = {
			isa = XCBuildConfiguration;
			buildSettings = {
				ALWAYS_EMBED_SWIFT_STANDARD_LIBRARIES = YES;
				BUNDLE_LOADER = "$(TEST_HOST)";
				CODE_SIGN_STYLE = Automatic;
				DEVELOPMENT_TEAM = 6WCGH4JR2H;
				INFOPLIST_FILE = GnomeTownTests/Info.plist;
				IPHONEOS_DEPLOYMENT_TARGET = 13.5;
				LD_RUNPATH_SEARCH_PATHS = (
					"$(inherited)",
					"@executable_path/Frameworks",
					"@loader_path/Frameworks",
				);
				PRODUCT_BUNDLE_IDENTIFIER = com.waseemtabrez.GnomeTownTests;
				PRODUCT_NAME = "$(TARGET_NAME)";
				SWIFT_VERSION = 5.0;
				TARGETED_DEVICE_FAMILY = "1,2";
				TEST_HOST = "$(BUILT_PRODUCTS_DIR)/GnomeTown.app/GnomeTown";
			};
			name = Release;
		};
		7F3AEB9C24BFE59F005038A9 /* Debug */ = {
			isa = XCBuildConfiguration;
			buildSettings = {
				ALWAYS_EMBED_SWIFT_STANDARD_LIBRARIES = YES;
				CODE_SIGN_STYLE = Automatic;
				DEVELOPMENT_TEAM = 6WCGH4JR2H;
				INFOPLIST_FILE = GnomeTownUITests/Info.plist;
				LD_RUNPATH_SEARCH_PATHS = (
					"$(inherited)",
					"@executable_path/Frameworks",
					"@loader_path/Frameworks",
				);
				PRODUCT_BUNDLE_IDENTIFIER = com.waseemtabrez.GnomeTownUITests;
				PRODUCT_NAME = "$(TARGET_NAME)";
				SWIFT_VERSION = 5.0;
				TARGETED_DEVICE_FAMILY = "1,2";
				TEST_TARGET_NAME = GnomeTown;
			};
			name = Debug;
		};
		7F3AEB9D24BFE59F005038A9 /* Release */ = {
			isa = XCBuildConfiguration;
			buildSettings = {
				ALWAYS_EMBED_SWIFT_STANDARD_LIBRARIES = YES;
				CODE_SIGN_STYLE = Automatic;
				DEVELOPMENT_TEAM = 6WCGH4JR2H;
				INFOPLIST_FILE = GnomeTownUITests/Info.plist;
				LD_RUNPATH_SEARCH_PATHS = (
					"$(inherited)",
					"@executable_path/Frameworks",
					"@loader_path/Frameworks",
				);
				PRODUCT_BUNDLE_IDENTIFIER = com.waseemtabrez.GnomeTownUITests;
				PRODUCT_NAME = "$(TARGET_NAME)";
				SWIFT_VERSION = 5.0;
				TARGETED_DEVICE_FAMILY = "1,2";
				TEST_TARGET_NAME = GnomeTown;
			};
			name = Release;
		};
/* End XCBuildConfiguration section */

/* Begin XCConfigurationList section */
		7F3AEB6324BFE59B005038A9 /* Build configuration list for PBXProject "GnomeTown" */ = {
			isa = XCConfigurationList;
			buildConfigurations = (
				7F3AEB9324BFE59F005038A9 /* Debug */,
				7F3AEB9424BFE59F005038A9 /* Release */,
			);
			defaultConfigurationIsVisible = 0;
			defaultConfigurationName = Release;
		};
		7F3AEB9524BFE59F005038A9 /* Build configuration list for PBXNativeTarget "GnomeTown" */ = {
			isa = XCConfigurationList;
			buildConfigurations = (
				7F3AEB9624BFE59F005038A9 /* Debug */,
				7F3AEB9724BFE59F005038A9 /* Release */,
			);
			defaultConfigurationIsVisible = 0;
			defaultConfigurationName = Release;
		};
		7F3AEB9824BFE59F005038A9 /* Build configuration list for PBXNativeTarget "GnomeTownTests" */ = {
			isa = XCConfigurationList;
			buildConfigurations = (
				7F3AEB9924BFE59F005038A9 /* Debug */,
				7F3AEB9A24BFE59F005038A9 /* Release */,
			);
			defaultConfigurationIsVisible = 0;
			defaultConfigurationName = Release;
		};
		7F3AEB9B24BFE59F005038A9 /* Build configuration list for PBXNativeTarget "GnomeTownUITests" */ = {
			isa = XCConfigurationList;
			buildConfigurations = (
				7F3AEB9C24BFE59F005038A9 /* Debug */,
				7F3AEB9D24BFE59F005038A9 /* Release */,
			);
			defaultConfigurationIsVisible = 0;
			defaultConfigurationName = Release;
		};
/* End XCConfigurationList section */

/* Begin XCVersionGroup section */
		7F3AEB6F24BFE59B005038A9 /* GnomeTown.xcdatamodeld */ = {
			isa = XCVersionGroup;
			children = (
				7F3AEB7024BFE59B005038A9 /* GnomeTown.xcdatamodel */,
			);
			currentVersion = 7F3AEB7024BFE59B005038A9 /* GnomeTown.xcdatamodel */;
			path = GnomeTown.xcdatamodeld;
			sourceTree = "<group>";
			versionGroupType = wrapper.xcdatamodel;
		};
/* End XCVersionGroup section */
	};
	rootObject = 7F3AEB6024BFE59B005038A9 /* Project object */;
}
